<?xml version="1.0" encoding="UTF-8" standalone="yes" ?>
<CodeBlocks_project_file>
	<FileVersion major="1" minor="6" />
	<Project>
		<Option title="compiler" />
		<Option pch_mode="2" />
		<Option compiler="gcc" />
		<Build>
			<Target title="Debug">
				<Option output="bin/Debug/compiler" prefix_auto="1" extension_auto="1" />
				<Option object_output="obj/Debug/" />
				<Option type="1" />
				<Option compiler="gcc" />
				<Compiler>
					<Add option="-g" />
				</Compiler>
			</Target>
			<Target title="Release">
				<Option output="bin/Release/compiler" prefix_auto="1" extension_auto="1" />
				<Option object_output="obj/Release/" />
				<Option type="1" />
				<Option compiler="gcc" />
				<Compiler>
					<Add option="-O2" />
				</Compiler>
				<Linker>
					<Add option="-s" />
				</Linker>
			</Target>
		</Build>
		<Compiler>
			<Add option="-Wall" />
			<Add option="-fexceptions" />
		</Compiler>
		<Unit filename="lexer/Lexer.cpp" />
		<Unit filename="lexer/Lexer.h" />
		<Unit filename="lexer/SliceType.h" />
		<Unit filename="main.cpp" />
		<Unit filename="parser/Parser.cpp" />
		<Unit filename="parser/Parser.h" />
		<Unit filename="symbols/Function.cpp" />
		<Unit filename="symbols/Function.h" />
		<Unit filename="symbols/Parameter.cpp" />
		<Unit filename="symbols/Parameter.h" />
		<Unit filename="symbols/Procedure.cpp" />
		<Unit filename="symbols/Procedure.h" />
		<Unit filename="symbols/Symbol.cpp" />
		<Unit filename="symbols/Symbol.h" />
		<Unit filename="symbols/SymbolTable.cpp" />
		<Unit filename="symbols/SymbolTable.h" />
		<Unit filename="symbols/Variable.cpp" />
		<Unit filename="symbols/Variable.h" />
		<Unit filename="symbols/enums/ParameterType.h" />
		<Unit filename="symbols/enums/SymbolType.h" />
		<Unit filename="symbols/enums/Type.h" />
		<Extensions>
			<code_completion />
			<envvars />
			<debugger />
			<lib_finder disable_auto="1" />
		</Extensions>
	</Project>
</CodeBlocks_project_file>
